// !$*UTF8*$!
{
	archiveVersion = 1;
	classes = {
	};
	objectVersion = 51;
	objects = {

/* Begin PBXBuildFile section */
		6F04DF8C23DCBE68005222E6 /* AppDelegate.swift in Sources */ = {isa = PBXBuildFile; fileRef = 6F04DF8B23DCBE68005222E6 /* AppDelegate.swift */; };
		6F04DF8E23DCBE68005222E6 /* SceneDelegate.swift in Sources */ = {isa = PBXBuildFile; fileRef = 6F04DF8D23DCBE68005222E6 /* SceneDelegate.swift */; };
		6F04DF9023DCBE68005222E6 /* ViewController.swift in Sources */ = {isa = PBXBuildFile; fileRef = 6F04DF8F23DCBE68005222E6 /* ViewController.swift */; };
		6F04DF9323DCBE68005222E6 /* Main.storyboard in Resources */ = {isa = PBXBuildFile; fileRef = 6F04DF9123DCBE68005222E6 /* Main.storyboard */; };
		6F04DF9523DCBE6A005222E6 /* Assets.xcassets in Resources */ = {isa = PBXBuildFile; fileRef = 6F04DF9423DCBE6A005222E6 /* Assets.xcassets */; };
		6F04DF9823DCBE6A005222E6 /* LaunchScreen.storyboard in Resources */ = {isa = PBXBuildFile; fileRef = 6F04DF9623DCBE6A005222E6 /* LaunchScreen.storyboard */; };
		6F04DFA023DCBF2E005222E6 /* GoogleService-Info.plist in Resources */ = {isa = PBXBuildFile; fileRef = 6F04DF9F23DCBF2E005222E6 /* GoogleService-Info.plist */; };
		6F4D577A2CCA8D3054ECE73B /* Pods_Snapchat.framework in Frameworks */ = {isa = PBXBuildFile; fileRef = 3BAAE2A8F07EAE1C054EA864 /* Pods_Snapchat.framework */; };
		6F61BD2C23DFAD3C00561895 /* Alerta.swift in Sources */ = {isa = PBXBuildFile; fileRef = 6F61BD2B23DFAD3C00561895 /* Alerta.swift */; };
		6F68924623DE2816003124B7 /* SnapsViewController.swift in Sources */ = {isa = PBXBuildFile; fileRef = 6F68924523DE2816003124B7 /* SnapsViewController.swift */; };
		6F68924823DE2835003124B7 /* FotoViewController.swift in Sources */ = {isa = PBXBuildFile; fileRef = 6F68924723DE2835003124B7 /* FotoViewController.swift */; };
		6F6F2BE423E0B4AD001C6F58 /* UsuariosTableViewController.swift in Sources */ = {isa = PBXBuildFile; fileRef = 6F6F2BE323E0B4AD001C6F58 /* UsuariosTableViewController.swift */; };
		6F6F2BE823E0B895001C6F58 /* Usuario.swift in Sources */ = {isa = PBXBuildFile; fileRef = 6F6F2BE723E0B895001C6F58 /* Usuario.swift */; };
		6FBAF94F23E2484900368B91 /* DetalhesSnapViewController.swift in Sources */ = {isa = PBXBuildFile; fileRef = 6FBAF94E23E2484900368B91 /* DetalhesSnapViewController.swift */; };
		6FC5BC2E23DCDE3800F79C9D /* EntrarViewController.swift in Sources */ = {isa = PBXBuildFile; fileRef = 6FC5BC2D23DCDE3800F79C9D /* EntrarViewController.swift */; };
		6FC5BC3023DCDE5000F79C9D /* CadastroViewController.swift in Sources */ = {isa = PBXBuildFile; fileRef = 6FC5BC2F23DCDE5000F79C9D /* CadastroViewController.swift */; };
		6FDF3C2023E2021E001D63F1 /* Snap.swift in Sources */ = {isa = PBXBuildFile; fileRef = 6FDF3C1F23E2021E001D63F1 /* Snap.swift */; };
/* End PBXBuildFile section */

/* Begin PBXFileReference section */
		3BAAE2A8F07EAE1C054EA864 /* Pods_Snapchat.framework */ = {isa = PBXFileReference; explicitFileType = wrapper.framework; includeInIndex = 0; path = Pods_Snapchat.framework; sourceTree = BUILT_PRODUCTS_DIR; };
		50192D3E990E163BA665A637 /* Pods-Snapchat.release.xcconfig */ = {isa = PBXFileReference; includeInIndex = 1; lastKnownFileType = text.xcconfig; name = "Pods-Snapchat.release.xcconfig"; path = "Target Support Files/Pods-Snapchat/Pods-Snapchat.release.xcconfig"; sourceTree = "<group>"; };
		6F04DF8823DCBE68005222E6 /* Snapchat.app */ = {isa = PBXFileReference; explicitFileType = wrapper.application; includeInIndex = 0; path = Snapchat.app; sourceTree = BUILT_PRODUCTS_DIR; };
		6F04DF8B23DCBE68005222E6 /* AppDelegate.swift */ = {isa = PBXFileReference; lastKnownFileType = sourcecode.swift; path = AppDelegate.swift; sourceTree = "<group>"; };
		6F04DF8D23DCBE68005222E6 /* SceneDelegate.swift */ = {isa = PBXFileReference; lastKnownFileType = sourcecode.swift; path = SceneDelegate.swift; sourceTree = "<group>"; };
		6F04DF8F23DCBE68005222E6 /* ViewController.swift */ = {isa = PBXFileReference; lastKnownFileType = sourcecode.swift; path = ViewController.swift; sourceTree = "<group>"; };
		6F04DF9223DCBE68005222E6 /* Base */ = {isa = PBXFileReference; lastKnownFileType = file.storyboard; name = Base; path = Base.lproj/Main.storyboard; sourceTree = "<group>"; };
		6F04DF9423DCBE6A005222E6 /* Assets.xcassets */ = {isa = PBXFileReference; lastKnownFileType = folder.assetcatalog; path = Assets.xcassets; sourceTree = "<group>"; };
		6F04DF9723DCBE6A005222E6 /* Base */ = {isa = PBXFileReference; lastKnownFileType = file.storyboard; name = Base; path = Base.lproj/LaunchScreen.storyboard; sourceTree = "<group>"; };
		6F04DF9923DCBE6A005222E6 /* Info.plist */ = {isa = PBXFileReference; lastKnownFileType = text.plist.xml; path = Info.plist; sourceTree = "<group>"; };
		6F04DF9F23DCBF2E005222E6 /* GoogleService-Info.plist */ = {isa = PBXFileReference; fileEncoding = 4; lastKnownFileType = text.plist.xml; path = "GoogleService-Info.plist"; sourceTree = "<group>"; };
		6F61BD2B23DFAD3C00561895 /* Alerta.swift */ = {isa = PBXFileReference; lastKnownFileType = sourcecode.swift; path = Alerta.swift; sourceTree = "<group>"; };
		6F68924523DE2816003124B7 /* SnapsViewController.swift */ = {isa = PBXFileReference; lastKnownFileType = sourcecode.swift; path = SnapsViewController.swift; sourceTree = "<group>"; };
		6F68924723DE2835003124B7 /* FotoViewController.swift */ = {isa = PBXFileReference; lastKnownFileType = sourcecode.swift; path = FotoViewController.swift; sourceTree = "<group>"; };
		6F6F2BE323E0B4AD001C6F58 /* UsuariosTableViewController.swift */ = {isa = PBXFileReference; lastKnownFileType = sourcecode.swift; path = UsuariosTableViewController.swift; sourceTree = "<group>"; };
		6F6F2BE723E0B895001C6F58 /* Usuario.swift */ = {isa = PBXFileReference; lastKnownFileType = sourcecode.swift; path = Usuario.swift; sourceTree = "<group>"; };
		6FBAF94E23E2484900368B91 /* DetalhesSnapViewController.swift */ = {isa = PBXFileReference; lastKnownFileType = sourcecode.swift; path = DetalhesSnapViewController.swift; sourceTree = "<group>"; };
		6FC5BC2D23DCDE3800F79C9D /* EntrarViewController.swift */ = {isa = PBXFileReference; lastKnownFileType = sourcecode.swift; path = EntrarViewController.swift; sourceTree = "<group>"; };
		6FC5BC2F23DCDE5000F79C9D /* CadastroViewController.swift */ = {isa = PBXFileReference; lastKnownFileType = sourcecode.swift; path = CadastroViewController.swift; sourceTree = "<group>"; };
		6FDF3C1F23E2021E001D63F1 /* Snap.swift */ = {isa = PBXFileReference; lastKnownFileType = sourcecode.swift; path = Snap.swift; sourceTree = "<group>"; };
		BC9C72E6DFD3D89E47F9FA04 /* Pods-Snapchat.debug.xcconfig */ = {isa = PBXFileReference; includeInIndex = 1; lastKnownFileType = text.xcconfig; name = "Pods-Snapchat.debug.xcconfig"; path = "Target Support Files/Pods-Snapchat/Pods-Snapchat.debug.xcconfig"; sourceTree = "<group>"; };
/* End PBXFileReference section */

/* Begin PBXFrameworksBuildPhase section */
		6F04DF8523DCBE68005222E6 /* Frameworks */ = {
			isa = PBXFrameworksBuildPhase;
			buildActionMask = 2147483647;
			files = (
				6F4D577A2CCA8D3054ECE73B /* Pods_Snapchat.framework in Frameworks */,
			);
			runOnlyForDeploymentPostprocessing = 0;
		};
/* End PBXFrameworksBuildPhase section */

/* Begin PBXGroup section */
		6F04DF7F23DCBE68005222E6 = {
			isa = PBXGroup;
			children = (
				6F04DF8A23DCBE68005222E6 /* Snapchat */,
				6F04DF8923DCBE68005222E6 /* Products */,
				75FD8127962376C22AF61026 /* Pods */,
				CAAEB1A685491A6BD0BEF235 /* Frameworks */,
			);
			sourceTree = "<group>";
		};
		6F04DF8923DCBE68005222E6 /* Products */ = {
			isa = PBXGroup;
			children = (
				6F04DF8823DCBE68005222E6 /* Snapchat.app */,
			);
			name = Products;
			sourceTree = "<group>";
		};
		6F04DF8A23DCBE68005222E6 /* Snapchat */ = {
			isa = PBXGroup;
			children = (
				6F61BD2A23DFACE200561895 /* Models */,
				6F61BD2923DFACA100561895 /* ViewControllers */,
				6F04DF8B23DCBE68005222E6 /* AppDelegate.swift */,
				6F04DF8D23DCBE68005222E6 /* SceneDelegate.swift */,
				6F04DF9123DCBE68005222E6 /* Main.storyboard */,
				6F04DF9423DCBE6A005222E6 /* Assets.xcassets */,
				6F04DF9623DCBE6A005222E6 /* LaunchScreen.storyboard */,
				6F04DF9923DCBE6A005222E6 /* Info.plist */,
				6F04DF9F23DCBF2E005222E6 /* GoogleService-Info.plist */,
			);
			path = Snapchat;
			sourceTree = "<group>";
		};
		6F61BD2923DFACA100561895 /* ViewControllers */ = {
			isa = PBXGroup;
			children = (
				6F04DF8F23DCBE68005222E6 /* ViewController.swift */,
				6FC5BC2D23DCDE3800F79C9D /* EntrarViewController.swift */,
				6FC5BC2F23DCDE5000F79C9D /* CadastroViewController.swift */,
				6F68924523DE2816003124B7 /* SnapsViewController.swift */,
				6F68924723DE2835003124B7 /* FotoViewController.swift */,
				6F6F2BE323E0B4AD001C6F58 /* UsuariosTableViewController.swift */,
				6FBAF94E23E2484900368B91 /* DetalhesSnapViewController.swift */,
			);
			path = ViewControllers;
			sourceTree = "<group>";
		};
		6F61BD2A23DFACE200561895 /* Models */ = {
			isa = PBXGroup;
			children = (
				6F61BD2B23DFAD3C00561895 /* Alerta.swift */,
				6F6F2BE723E0B895001C6F58 /* Usuario.swift */,
				6FDF3C1F23E2021E001D63F1 /* Snap.swift */,
			);
			path = Models;
			sourceTree = "<group>";
		};
		75FD8127962376C22AF61026 /* Pods */ = {
			isa = PBXGroup;
			children = (
				BC9C72E6DFD3D89E47F9FA04 /* Pods-Snapchat.debug.xcconfig */,
				50192D3E990E163BA665A637 /* Pods-Snapchat.release.xcconfig */,
			);
			path = Pods;
			sourceTree = "<group>";
		};
		CAAEB1A685491A6BD0BEF235 /* Frameworks */ = {
			isa = PBXGroup;
			children = (
				3BAAE2A8F07EAE1C054EA864 /* Pods_Snapchat.framework */,
			);
			name = Frameworks;
			sourceTree = "<group>";
		};
/* End PBXGroup section */

/* Begin PBXNativeTarget section */
		6F04DF8723DCBE68005222E6 /* Snapchat */ = {
			isa = PBXNativeTarget;
			buildConfigurationList = 6F04DF9C23DCBE6A005222E6 /* Build configuration list for PBXNativeTarget "Snapchat" */;
			buildPhases = (
				3949FE3D52F550B3B1032BCF /* [CP] Check Pods Manifest.lock */,
				6F04DF8423DCBE68005222E6 /* Sources */,
				6F04DF8523DCBE68005222E6 /* Frameworks */,
				6F04DF8623DCBE68005222E6 /* Resources */,
				CB665837F1D8B0266D85260A /* [CP] Embed Pods Frameworks */,
			);
			buildRules = (
			);
			dependencies = (
			);
			name = Snapchat;
			productName = Snapchat;
			productReference = 6F04DF8823DCBE68005222E6 /* Snapchat.app */;
			productType = "com.apple.product-type.application";
		};
/* End PBXNativeTarget section */

/* Begin PBXProject section */
		6F04DF8023DCBE68005222E6 /* Project object */ = {
			isa = PBXProject;
			attributes = {
				LastSwiftUpdateCheck = 1130;
				LastUpgradeCheck = 1130;
				ORGANIZATIONNAME = "Guilherme Magnabosco";
				TargetAttributes = {
					6F04DF8723DCBE68005222E6 = {
						CreatedOnToolsVersion = 11.3;
					};
				};
			};
			buildConfigurationList = 6F04DF8323DCBE68005222E6 /* Build configuration list for PBXProject "Snapchat" */;
			compatibilityVersion = "Xcode 9.3";
			developmentRegion = en;
			hasScannedForEncodings = 0;
			knownRegions = (
				en,
				Base,
			);
			mainGroup = 6F04DF7F23DCBE68005222E6;
			productRefGroup = 6F04DF8923DCBE68005222E6 /* Products */;
			projectDirPath = "";
			projectRoot = "";
			targets = (
				6F04DF8723DCBE68005222E6 /* Snapchat */,
			);
		};
/* End PBXProject section */

/* Begin PBXResourcesBuildPhase section */
		6F04DF8623DCBE68005222E6 /* Resources */ = {
			isa = PBXResourcesBuildPhase;
			buildActionMask = 2147483647;
			files = (
				6F04DF9823DCBE6A005222E6 /* LaunchScreen.storyboard in Resources */,
				6F04DF9523DCBE6A005222E6 /* Assets.xcassets in Resources */,
				6F04DF9323DCBE68005222E6 /* Main.storyboard in Resources */,
				6F04DFA023DCBF2E005222E6 /* GoogleService-Info.plist in Resources */,
			);
			runOnlyForDeploymentPostprocessing = 0;
		};
/* End PBXResourcesBuildPhase section */

/* Begin PBXShellScriptBuildPhase section */
		3949FE3D52F550B3B1032BCF /* [CP] Check Pods Manifest.lock */ = {
			isa = PBXShellScriptBuildPhase;
			buildActionMask = 2147483647;
			files = (
			);
			inputFileListPaths = (
			);
			inputPaths = (
				"${PODS_PODFILE_DIR_PATH}/Podfile.lock",
				"${PODS_ROOT}/Manifest.lock",
			);
			name = "[CP] Check Pods Manifest.lock";
			outputFileListPaths = (
			);
			outputPaths = (
				"$(DERIVED_FILE_DIR)/Pods-Snapchat-checkManifestLockResult.txt",
			);
			runOnlyForDeploymentPostprocessing = 0;
			shellPath = /bin/sh;
			shellScript = "diff \"${PODS_PODFILE_DIR_PATH}/Podfile.lock\" \"${PODS_ROOT}/Manifest.lock\" > /dev/null\nif [ $? != 0 ] ; then\n    # print error to STDERR\n    echo \"error: The sandbox is not in sync with the Podfile.lock. Run 'pod install' or update your CocoaPods installation.\" >&2\n    exit 1\nfi\n# This output is used by Xcode 'outputs' to avoid re-running this script phase.\necho \"SUCCESS\" > \"${SCRIPT_OUTPUT_FILE_0}\"\n";
			showEnvVarsInLog = 0;
		};
		CB665837F1D8B0266D85260A /* [CP] Embed Pods Frameworks */ = {
			isa = PBXShellScriptBuildPhase;
			buildActionMask = 2147483647;
			files = (
			);
			inputFileListPaths = (
				"${PODS_ROOT}/Target Support Files/Pods-Snapchat/Pods-Snapchat-frameworks-${CONFIGURATION}-input-files.xcfilelist",
			);
			name = "[CP] Embed Pods Frameworks";
			outputFileListPaths = (
				"${PODS_ROOT}/Target Support Files/Pods-Snapchat/Pods-Snapchat-frameworks-${CONFIGURATION}-output-files.xcfilelist",
			);
			runOnlyForDeploymentPostprocessing = 0;
			shellPath = /bin/sh;
			shellScript = "\"${PODS_ROOT}/Target Support Files/Pods-Snapchat/Pods-Snapchat-frameworks.sh\"\n";
			showEnvVarsInLog = 0;
		};
/* End PBXShellScriptBuildPhase section */

/* Begin PBXSourcesBuildPhase section */
		6F04DF8423DCBE68005222E6 /* Sources */ = {
			isa = PBXSourcesBuildPhase;
			buildActionMask = 2147483647;
			files = (
				6F61BD2C23DFAD3C00561895 /* Alerta.swift in Sources */,
				6F6F2BE423E0B4AD001C6F58 /* UsuariosTableViewController.swift in Sources */,
				6FC5BC2E23DCDE3800F79C9D /* EntrarViewController.swift in Sources */,
				6F68924823DE2835003124B7 /* FotoViewController.swift in Sources */,
				6F04DF9023DCBE68005222E6 /* ViewController.swift in Sources */,
				6F68924623DE2816003124B7 /* SnapsViewController.swift in Sources */,
				6F04DF8C23DCBE68005222E6 /* AppDelegate.swift in Sources */,
				6FC5BC3023DCDE5000F79C9D /* CadastroViewController.swift in Sources */,
				6FBAF94F23E2484900368B91 /* DetalhesSnapViewController.swift in Sources */,
				6F6F2BE823E0B895001C6F58 /* Usuario.swift in Sources */,
				6FDF3C2023E2021E001D63F1 /* Snap.swift in Sources */,
				6F04DF8E23DCBE68005222E6 /* SceneDelegate.swift in Sources */,
			);
			runOnlyForDeploymentPostprocessing = 0;
		};
/* End PBXSourcesBuildPhase section */

/* Begin PBXVariantGroup section */
		6F04DF9123DCBE68005222E6 /* Main.storyboard */ = {
			isa = PBXVariantGroup;
			children = (
				6F04DF9223DCBE68005222E6 /* Base */,
			);
			name = Main.storyboard;
			sourceTree = "<group>";
		};
		6F04DF9623DCBE6A005222E6 /* LaunchScreen.storyboard */ = {
			isa = PBXVariantGroup;
			children = (
				6F04DF9723DCBE6A005222E6 /* Base */,
			);
			name = LaunchScreen.storyboard;
			sourceTree = "<group>";
		};
/* End PBXVariantGroup section */

/* Begin XCBuildConfiguration section */
		6F04DF9A23DCBE6A005222E6 /* Debug */ = {
			isa = XCBuildConfiguration;
			buildSettings = {
				ALWAYS_SEARCH_USER_PATHS = NO;
				CLANG_ANALYZER_NONNULL = YES;
				CLANG_ANALYZER_NUMBER_OBJECT_CONVERSION = YES_AGGRESSIVE;
				CLANG_CXX_LANGUAGE_STANDARD = "gnu++14";
				CLANG_CXX_LIBRARY = "libc++";
				CLANG_ENABLE_MODULES = YES;
				CLANG_ENABLE_OBJC_ARC = YES;
				CLANG_ENABLE_OBJC_WEAK = YES;
				CLANG_WARN_BLOCK_CAPTURE_AUTORELEASING = YES;
				CLANG_WARN_BOOL_CONVERSION = YES;
				CLANG_WARN_COMMA = YES;
				CLANG_WARN_CONSTANT_CONVERSION = YES;
				CLANG_WARN_DEPRECATED_OBJC_IMPLEMENTATIONS = YES;
				CLANG_WARN_DIRECT_OBJC_ISA_USAGE = YES_ERROR;
				CLANG_WARN_DOCUMENTATION_COMMENTS = YES;
				CLANG_WARN_EMPTY_BODY = YES;
				CLANG_WARN_ENUM_CONVERSION = YES;
				CLANG_WARN_INFINITE_RECURSION = YES;
				CLANG_WARN_INT_CONVERSION = YES;
				CLANG_WARN_NON_LITERAL_NULL_CONVERSION = YES;
				CLANG_WARN_OBJC_IMPLICIT_RETAIN_SELF = YES;
				CLANG_WARN_OBJC_LITERAL_CONVERSION = YES;
				CLANG_WARN_OBJC_ROOT_CLASS = YES_ERROR;
				CLANG_WARN_RANGE_LOOP_ANALYSIS = YES;
				CLANG_WARN_STRICT_PROTOTYPES = YES;
				CLANG_WARN_SUSPICIOUS_MOVE = YES;
				CLANG_WARN_UNGUARDED_AVAILABILITY = YES_AGGRESSIVE;
				CLANG_WARN_UNREACHABLE_CODE = YES;
				CLANG_WARN__DUPLICATE_METHOD_MATCH = YES;
				COPY_PHASE_STRIP = NO;
				DEBUG_INFORMATION_FORMAT = dwarf;
				ENABLE_STRICT_OBJC_MSGSEND = YES;
				ENABLE_TESTABILITY = YES;
				GCC_C_LANGUAGE_STANDARD = gnu11;
				GCC_DYNAMIC_NO_PIC = NO;
				GCC_NO_COMMON_BLOCKS = YES;
				GCC_OPTIMIZATION_LEVEL = 0;
				GCC_PREPROCESSOR_DEFINITIONS = (
					"DEBUG=1",
					"$(inherited)",
				);
				GCC_WARN_64_TO_32_BIT_CONVERSION = YES;
				GCC_WARN_ABOUT_RETURN_TYPE = YES_ERROR;
				GCC_WARN_UNDECLARED_SELECTOR = YES;
				GCC_WARN_UNINITIALIZED_AUTOS = YES_AGGRESSIVE;
				GCC_WARN_UNUSED_FUNCTION = YES;
				GCC_WARN_UNUSED_VARIABLE = YES;
				IPHONEOS_DEPLOYMENT_TARGET = 13.2;
				MTL_ENABLE_DEBUG_INFO = INCLUDE_SOURCE;
				MTL_FAST_MATH = YES;
				ONLY_ACTIVE_ARCH = YES;
				SDKROOT = iphoneos;
				SWIFT_ACTIVE_COMPILATION_CONDITIONS = DEBUG;
				SWIFT_OPTIMIZATION_LEVEL = "-Onone";
			};
			name = Debug;
		};
		6F04DF9B23DCBE6A005222E6 /* Release */ = {
			isa = XCBuildConfiguration;
			buildSettings = {
				ALWAYS_SEARCH_USER_PATHS = NO;
				CLANG_ANALYZER_NONNULL = YES;
				CLANG_ANALYZER_NUMBER_OBJECT_CONVERSION = YES_AGGRESSIVE;
				CLANG_CXX_LANGUAGE_STANDARD = "gnu++14";
				CLANG_CXX_LIBRARY = "libc++";
				CLANG_ENABLE_MODULES = YES;
				CLANG_ENABLE_OBJC_ARC = YES;
				CLANG_ENABLE_OBJC_WEAK = YES;
				CLANG_WARN_BLOCK_CAPTURE_AUTORELEASING = YES;
				CLANG_WARN_BOOL_CONVERSION = YES;
				CLANG_WARN_COMMA = YES;
				CLANG_WARN_CONSTANT_CONVERSION = YES;
				CLANG_WARN_DEPRECATED_OBJC_IMPLEMENTATIONS = YES;
				CLANG_WARN_DIRECT_OBJC_ISA_USAGE = YES_ERROR;
				CLANG_WARN_DOCUMENTATION_COMMENTS = YES;
				CLANG_WARN_EMPTY_BODY = YES;
				CLANG_WARN_ENUM_CONVERSION = YES;
				CLANG_WARN_INFINITE_RECURSION = YES;
				CLANG_WARN_INT_CONVERSION = YES;
				CLANG_WARN_NON_LITERAL_NULL_CONVERSION = YES;
				CLANG_WARN_OBJC_IMPLICIT_RETAIN_SELF = YES;
				CLANG_WARN_OBJC_LITERAL_CONVERSION = YES;
				CLANG_WARN_OBJC_ROOT_CLASS = YES_ERROR;
				CLANG_WARN_RANGE_LOOP_ANALYSIS = YES;
				CLANG_WARN_STRICT_PROTOTYPES = YES;
				CLANG_WARN_SUSPICIOUS_MOVE = YES;
				CLANG_WARN_UNGUARDED_AVAILABILITY = YES_AGGRESSIVE;
				CLANG_WARN_UNREACHABLE_CODE = YES;
				CLANG_WARN__DUPLICATE_METHOD_MATCH = YES;
				COPY_PHASE_STRIP = NO;
				DEBUG_INFORMATION_FORMAT = "dwarf-with-dsym";
				ENABLE_NS_ASSERTIONS = NO;
				ENABLE_STRICT_OBJC_MSGSEND = YES;
				GCC_C_LANGUAGE_STANDARD = gnu11;
				GCC_NO_COMMON_BLOCKS = YES;
				GCC_WARN_64_TO_32_BIT_CONVERSION = YES;
				GCC_WARN_ABOUT_RETURN_TYPE = YES_ERROR;
				GCC_WARN_UNDECLARED_SELECTOR = YES;
				GCC_WARN_UNINITIALIZED_AUTOS = YES_AGGRESSIVE;
				GCC_WARN_UNUSED_FUNCTION = YES;
				GCC_WARN_UNUSED_VARIABLE = YES;
				IPHONEOS_DEPLOYMENT_TARGET = 13.2;
				MTL_ENABLE_DEBUG_INFO = NO;
				MTL_FAST_MATH = YES;
				SDKROOT = iphoneos;
				SWIFT_COMPILATION_MODE = wholemodule;
				SWIFT_OPTIMIZATION_LEVEL = "-O";
				VALIDATE_PRODUCT = YES;
			};
			name = Release;
		};
		6F04DF9D23DCBE6A005222E6 /* Debug */ = {
			isa = XCBuildConfiguration;
			baseConfigurationReference = BC9C72E6DFD3D89E47F9FA04 /* Pods-Snapchat.debug.xcconfig */;
			buildSettings = {
				ASSETCATALOG_COMPILER_APPICON_NAME = AppIcon;
				CODE_SIGN_STYLE = Automatic;
				DEVELOPMENT_TEAM = A4KG9J9DCQ;
				INFOPLIST_FILE = Snapchat/Info.plist;
				IPHONEOS_DEPLOYMENT_TARGET = 13.2;
				LD_RUNPATH_SEARCH_PATHS = (
					"$(inherited)",
					"@executable_path/Frameworks",
				);
				PRODUCT_BUNDLE_IDENTIFIER = "Guilherme-Magnabosco.Snapchat";
				PRODUCT_NAME = "$(TARGET_NAME)";
				SWIFT_VERSION = 5.0;
				TARGETED_DEVICE_FAMILY = "1,2";
			};
			name = Debug;
		};
		6F04DF9E23DCBE6A005222E6 /* Release */ = {
			isa = XCBuildConfiguration;
			baseConfigurationReference = 50192D3E990E163BA665A637 /* Pods-Snapchat.release.xcconfig */;
			buildSettings = {
				ASSETCATALOG_COMPILER_APPICON_NAME = AppIcon;
				CODE_SIGN_STYLE = Automatic;
				DEVELOPMENT_TEAM = A4KG9J9DCQ;
				INFOPLIST_FILE = Snapchat/Info.plist;
				IPHONEOS_DEPLOYMENT_TARGET = 13.2;
				LD_RUNPATH_SEARCH_PATHS = (
					"$(inherited)",
					"@executable_path/Frameworks",
				);
				PRODUCT_BUNDLE_IDENTIFIER = "Guilherme-Magnabosco.Snapchat";
				PRODUCT_NAME = "$(TARGET_NAME)";
				SWIFT_VERSION = 5.0;
				TARGETED_DEVICE_FAMILY = "1,2";
			};
			name = Release;
		};
/* End XCBuildConfiguration section */

/* Begin XCConfigurationList section */
		6F04DF8323DCBE68005222E6 /* Build configuration list for PBXProject "Snapchat" */ = {
			isa = XCConfigurationList;
			buildConfigurations = (
				6F04DF9A23DCBE6A005222E6 /* Debug */,
				6F04DF9B23DCBE6A005222E6 /* Release */,
			);
			defaultConfigurationIsVisible = 0;
			defaultConfigurationName = Release;
		};
		6F04DF9C23DCBE6A005222E6 /* Build configuration list for PBXNativeTarget "Snapchat" */ = {
			isa = XCConfigurationList;
			buildConfigurations = (
				6F04DF9D23DCBE6A005222E6 /* Debug */,
				6F04DF9E23DCBE6A005222E6 /* Release */,
			);
			defaultConfigurationIsVisible = 0;
			defaultConfigurationName = Release;
		};
/* End XCConfigurationList section */
	};
	rootObject = 6F04DF8023DCBE68005222E6 /* Project object */;
}
